// !$*UTF8*$!
{
	archiveVersion = 1;
	classes = {
	};
	objectVersion = 55;
	objects = {

/* Begin PBXBuildFile section */
		A6913E0827C9B4C100C88735 /* CostCell.swift in Sources */ = {isa = PBXBuildFile; fileRef = A6913E0727C9B4C100C88735 /* CostCell.swift */; };
		A6913E0A27C9BB8B00C88735 /* SystemData.swift in Sources */ = {isa = PBXBuildFile; fileRef = A6913E0927C9BB8B00C88735 /* SystemData.swift */; };
		A6913E0C27C9BD1100C88735 /* EventList.swift in Sources */ = {isa = PBXBuildFile; fileRef = A6913E0B27C9BD1100C88735 /* EventList.swift */; };
		A6A83B5C27C9AC5000639468 /* CostEditor.swift in Sources */ = {isa = PBXBuildFile; fileRef = A6A83B5B27C9AC5000639468 /* CostEditor.swift */; };
		A6BC3DFD27C998BF00D7D600 /* TripMoneyApp.swift in Sources */ = {isa = PBXBuildFile; fileRef = A6BC3DFC27C998BF00D7D600 /* TripMoneyApp.swift */; };
		A6BC3DFF27C998BF00D7D600 /* ContentView.swift in Sources */ = {isa = PBXBuildFile; fileRef = A6BC3DFE27C998BF00D7D600 /* ContentView.swift */; };
		A6BC3E0127C998BF00D7D600 /* Assets.xcassets in Resources */ = {isa = PBXBuildFile; fileRef = A6BC3E0027C998BF00D7D600 /* Assets.xcassets */; };
		A6BC3E0427C998BF00D7D600 /* Preview Assets.xcassets in Resources */ = {isa = PBXBuildFile; fileRef = A6BC3E0327C998BF00D7D600 /* Preview Assets.xcassets */; };
		A6BC3E0B27C999F600D7D600 /* EventModel.swift in Sources */ = {isa = PBXBuildFile; fileRef = A6BC3E0A27C999F600D7D600 /* EventModel.swift */; };
		A6BC3E0D27C99A0C00D7D600 /* CostModel.swift in Sources */ = {isa = PBXBuildFile; fileRef = A6BC3E0C27C99A0C00D7D600 /* CostModel.swift */; };
		A6BC3E0F27C99BB500D7D600 /* DataStore.swift in Sources */ = {isa = PBXBuildFile; fileRef = A6BC3E0E27C99BB400D7D600 /* DataStore.swift */; };
		A6BC3E1327C99E4100D7D600 /* EventCell.swift in Sources */ = {isa = PBXBuildFile; fileRef = A6BC3E1227C99E4100D7D600 /* EventCell.swift */; };
		A6BC3E1527C9A64100D7D600 /* EventView.swift in Sources */ = {isa = PBXBuildFile; fileRef = A6BC3E1427C9A64100D7D600 /* EventView.swift */; };
/* End PBXBuildFile section */

/* Begin PBXFileReference section */
		A6913E0727C9B4C100C88735 /* CostCell.swift */ = {isa = PBXFileReference; lastKnownFileType = sourcecode.swift; path = CostCell.swift; sourceTree = "<group>"; };
		A6913E0927C9BB8B00C88735 /* SystemData.swift */ = {isa = PBXFileReference; lastKnownFileType = sourcecode.swift; path = SystemData.swift; sourceTree = "<group>"; };
		A6913E0B27C9BD1100C88735 /* EventList.swift */ = {isa = PBXFileReference; lastKnownFileType = sourcecode.swift; path = EventList.swift; sourceTree = "<group>"; };
		A6A83B5B27C9AC5000639468 /* CostEditor.swift */ = {isa = PBXFileReference; lastKnownFileType = sourcecode.swift; path = CostEditor.swift; sourceTree = "<group>"; };
		A6BC3DF927C998BF00D7D600 /* 너는 얼마?.app */ = {isa = PBXFileReference; explicitFileType = wrapper.application; includeInIndex = 0; path = "너는 얼마?.app"; sourceTree = BUILT_PRODUCTS_DIR; };
		A6BC3DFC27C998BF00D7D600 /* TripMoneyApp.swift */ = {isa = PBXFileReference; lastKnownFileType = sourcecode.swift; path = TripMoneyApp.swift; sourceTree = "<group>"; };
		A6BC3DFE27C998BF00D7D600 /* ContentView.swift */ = {isa = PBXFileReference; lastKnownFileType = sourcecode.swift; path = ContentView.swift; sourceTree = "<group>"; };
		A6BC3E0027C998BF00D7D600 /* Assets.xcassets */ = {isa = PBXFileReference; lastKnownFileType = folder.assetcatalog; path = Assets.xcassets; sourceTree = "<group>"; };
		A6BC3E0327C998BF00D7D600 /* Preview Assets.xcassets */ = {isa = PBXFileReference; lastKnownFileType = folder.assetcatalog; path = "Preview Assets.xcassets"; sourceTree = "<group>"; };
		A6BC3E0A27C999F600D7D600 /* EventModel.swift */ = {isa = PBXFileReference; lastKnownFileType = sourcecode.swift; path = EventModel.swift; sourceTree = "<group>"; };
		A6BC3E0C27C99A0C00D7D600 /* CostModel.swift */ = {isa = PBXFileReference; lastKnownFileType = sourcecode.swift; path = CostModel.swift; sourceTree = "<group>"; };
		A6BC3E0E27C99BB400D7D600 /* DataStore.swift */ = {isa = PBXFileReference; lastKnownFileType = sourcecode.swift; path = DataStore.swift; sourceTree = "<group>"; };
		A6BC3E1227C99E4100D7D600 /* EventCell.swift */ = {isa = PBXFileReference; lastKnownFileType = sourcecode.swift; path = EventCell.swift; sourceTree = "<group>"; };
		A6BC3E1427C9A64100D7D600 /* EventView.swift */ = {isa = PBXFileReference; lastKnownFileType = sourcecode.swift; path = EventView.swift; sourceTree = "<group>"; };
/* End PBXFileReference section */

/* Begin PBXFrameworksBuildPhase section */
		A6BC3DF627C998BF00D7D600 /* Frameworks */ = {
			isa = PBXFrameworksBuildPhase;
			buildActionMask = 2147483647;
			files = (
			);
			runOnlyForDeploymentPostprocessing = 0;
		};
/* End PBXFrameworksBuildPhase section */

/* Begin PBXGroup section */
		A6913E0D27C9EE3700C88735 /* View */ = {
			isa = PBXGroup;
			children = (
				A6BC3DFE27C998BF00D7D600 /* ContentView.swift */,
				A6BC3E1427C9A64100D7D600 /* EventView.swift */,
				A6913E0727C9B4C100C88735 /* CostCell.swift */,
				A6913E0B27C9BD1100C88735 /* EventList.swift */,
				A6A83B5B27C9AC5000639468 /* CostEditor.swift */,
				A6BC3E1227C99E4100D7D600 /* EventCell.swift */,
			);
			path = View;
			sourceTree = "<group>";
		};
		A6913E0E27C9EE6800C88735 /* Model */ = {
			isa = PBXGroup;
			children = (
				A6BC3E0A27C999F600D7D600 /* EventModel.swift */,
				A6BC3E0C27C99A0C00D7D600 /* CostModel.swift */,
			);
			path = Model;
			sourceTree = "<group>";
		};
		A6913E0F27C9EE7A00C88735 /* ViewModel */ = {
			isa = PBXGroup;
			children = (
				A6913E0927C9BB8B00C88735 /* SystemData.swift */,
				A6BC3E0E27C99BB400D7D600 /* DataStore.swift */,
			);
			path = ViewModel;
			sourceTree = "<group>";
		};
		A6BC3DF027C998BF00D7D600 = {
			isa = PBXGroup;
			children = (
				A6BC3DFB27C998BF00D7D600 /* TripMoney */,
				A6BC3DFA27C998BF00D7D600 /* Products */,
			);
			sourceTree = "<group>";
		};
		A6BC3DFA27C998BF00D7D600 /* Products */ = {
			isa = PBXGroup;
			children = (
				A6BC3DF927C998BF00D7D600 /* 너는 얼마?.app */,
			);
			name = Products;
			sourceTree = "<group>";
		};
		A6BC3DFB27C998BF00D7D600 /* TripMoney */ = {
			isa = PBXGroup;
			children = (
				A6BC3DFC27C998BF00D7D600 /* TripMoneyApp.swift */,
				A6913E0E27C9EE6800C88735 /* Model */,
				A6913E0D27C9EE3700C88735 /* View */,
				A6913E0F27C9EE7A00C88735 /* ViewModel */,
				A6BC3E0027C998BF00D7D600 /* Assets.xcassets */,
				A6BC3E0227C998BF00D7D600 /* Preview Content */,
			);
			path = TripMoney;
			sourceTree = "<group>";
		};
		A6BC3E0227C998BF00D7D600 /* Preview Content */ = {
			isa = PBXGroup;
			children = (
				A6BC3E0327C998BF00D7D600 /* Preview Assets.xcassets */,
			);
			path = "Preview Content";
			sourceTree = "<group>";
		};
/* End PBXGroup section */

/* Begin PBXNativeTarget section */
		A6BC3DF827C998BF00D7D600 /* TripMoney */ = {
			isa = PBXNativeTarget;
			buildConfigurationList = A6BC3E0727C998BF00D7D600 /* Build configuration list for PBXNativeTarget "TripMoney" */;
			buildPhases = (
				A6BC3DF527C998BF00D7D600 /* Sources */,
				A6BC3DF627C998BF00D7D600 /* Frameworks */,
				A6BC3DF727C998BF00D7D600 /* Resources */,
			);
			buildRules = (
			);
			dependencies = (
			);
			name = TripMoney;
			productName = TripMoney;
			productReference = A6BC3DF927C998BF00D7D600 /* 너는 얼마?.app */;
			productType = "com.apple.product-type.application";
		};
/* End PBXNativeTarget section */

/* Begin PBXProject section */
		A6BC3DF127C998BF00D7D600 /* Project object */ = {
			isa = PBXProject;
			attributes = {
				BuildIndependentTargetsInParallel = 1;
				LastSwiftUpdateCheck = 1320;
				LastUpgradeCheck = 1320;
				TargetAttributes = {
					A6BC3DF827C998BF00D7D600 = {
						CreatedOnToolsVersion = 13.2;
					};
				};
			};
			buildConfigurationList = A6BC3DF427C998BF00D7D600 /* Build configuration list for PBXProject "TripMoney" */;
			compatibilityVersion = "Xcode 13.0";
			developmentRegion = en;
			hasScannedForEncodings = 0;
			knownRegions = (
				en,
				Base,
			);
			mainGroup = A6BC3DF027C998BF00D7D600;
			productRefGroup = A6BC3DFA27C998BF00D7D600 /* Products */;
			projectDirPath = "";
			projectRoot = "";
			targets = (
				A6BC3DF827C998BF00D7D600 /* TripMoney */,
			);
		};
/* End PBXProject section */

/* Begin PBXResourcesBuildPhase section */
		A6BC3DF727C998BF00D7D600 /* Resources */ = {
			isa = PBXResourcesBuildPhase;
			buildActionMask = 2147483647;
			files = (
				A6BC3E0427C998BF00D7D600 /* Preview Assets.xcassets in Resources */,
				A6BC3E0127C998BF00D7D600 /* Assets.xcassets in Resources */,
			);
			runOnlyForDeploymentPostprocessing = 0;
		};
/* End PBXResourcesBuildPhase section */

/* Begin PBXSourcesBuildPhase section */
		A6BC3DF527C998BF00D7D600 /* Sources */ = {
			isa = PBXSourcesBuildPhase;
			buildActionMask = 2147483647;
			files = (
				A6913E0A27C9BB8B00C88735 /* SystemData.swift in Sources */,
				A6BC3E0D27C99A0C00D7D600 /* CostModel.swift in Sources */,
				A6BC3DFF27C998BF00D7D600 /* ContentView.swift in Sources */,
				A6BC3DFD27C998BF00D7D600 /* TripMoneyApp.swift in Sources */,
				A6913E0827C9B4C100C88735 /* CostCell.swift in Sources */,
				A6A83B5C27C9AC5000639468 /* CostEditor.swift in Sources */,
				A6BC3E0F27C99BB500D7D600 /* DataStore.swift in Sources */,
				A6BC3E0B27C999F600D7D600 /* EventModel.swift in Sources */,
				A6BC3E1327C99E4100D7D600 /* EventCell.swift in Sources */,
				A6BC3E1527C9A64100D7D600 /* EventView.swift in Sources */,
				A6913E0C27C9BD1100C88735 /* EventList.swift in Sources */,
			);
			runOnlyForDeploymentPostprocessing = 0;
		};
/* End PBXSourcesBuildPhase section */

/* Begin XCBuildConfiguration section */
		A6BC3E0527C998BF00D7D600 /* Debug */ = {
			isa = XCBuildConfiguration;
			buildSettings = {
				ALWAYS_SEARCH_USER_PATHS = NO;
				CLANG_ANALYZER_NONNULL = YES;
				CLANG_ANALYZER_NUMBER_OBJECT_CONVERSION = YES_AGGRESSIVE;
				CLANG_CXX_LANGUAGE_STANDARD = "gnu++17";
				CLANG_CXX_LIBRARY = "libc++";
				CLANG_ENABLE_MODULES = YES;
				CLANG_ENABLE_OBJC_ARC = YES;
				CLANG_ENABLE_OBJC_WEAK = YES;
				CLANG_WARN_BLOCK_CAPTURE_AUTORELEASING = YES;
				CLANG_WARN_BOOL_CONVERSION = YES;
				CLANG_WARN_COMMA = YES;
				CLANG_WARN_CONSTANT_CONVERSION = YES;
				CLANG_WARN_DEPRECATED_OBJC_IMPLEMENTATIONS = YES;
				CLANG_WARN_DIRECT_OBJC_ISA_USAGE = YES_ERROR;
				CLANG_WARN_DOCUMENTATION_COMMENTS = YES;
				CLANG_WARN_EMPTY_BODY = YES;
				CLANG_WARN_ENUM_CONVERSION = YES;
				CLANG_WARN_INFINITE_RECURSION = YES;
				CLANG_WARN_INT_CONVERSION = YES;
				CLANG_WARN_NON_LITERAL_NULL_CONVERSION = YES;
				CLANG_WARN_OBJC_IMPLICIT_RETAIN_SELF = YES;
				CLANG_WARN_OBJC_LITERAL_CONVERSION = YES;
				CLANG_WARN_OBJC_ROOT_CLASS = YES_ERROR;
				CLANG_WARN_QUOTED_INCLUDE_IN_FRAMEWORK_HEADER = YES;
				CLANG_WARN_RANGE_LOOP_ANALYSIS = YES;
				CLANG_WARN_STRICT_PROTOTYPES = YES;
				CLANG_WARN_SUSPICIOUS_MOVE = YES;
				CLANG_WARN_UNGUARDED_AVAILABILITY = YES_AGGRESSIVE;
				CLANG_WARN_UNREACHABLE_CODE = YES;
				CLANG_WARN__DUPLICATE_METHOD_MATCH = YES;
				COPY_PHASE_STRIP = NO;
				DEBUG_INFORMATION_FORMAT = dwarf;
				ENABLE_STRICT_OBJC_MSGSEND = YES;
				ENABLE_TESTABILITY = YES;
				GCC_C_LANGUAGE_STANDARD = gnu11;
				GCC_DYNAMIC_NO_PIC = NO;
				GCC_NO_COMMON_BLOCKS = YES;
				GCC_OPTIMIZATION_LEVEL = 0;
				GCC_PREPROCESSOR_DEFINITIONS = (
					"DEBUG=1",
					"$(inherited)",
				);
				GCC_WARN_64_TO_32_BIT_CONVERSION = YES;
				GCC_WARN_ABOUT_RETURN_TYPE = YES_ERROR;
				GCC_WARN_UNDECLARED_SELECTOR = YES;
				GCC_WARN_UNINITIALIZED_AUTOS = YES_AGGRESSIVE;
				GCC_WARN_UNUSED_FUNCTION = YES;
				GCC_WARN_UNUSED_VARIABLE = YES;
				IPHONEOS_DEPLOYMENT_TARGET = 15.0;
				MTL_ENABLE_DEBUG_INFO = INCLUDE_SOURCE;
				MTL_FAST_MATH = YES;
				ONLY_ACTIVE_ARCH = YES;
				SDKROOT = iphoneos;
				SWIFT_ACTIVE_COMPILATION_CONDITIONS = DEBUG;
				SWIFT_OPTIMIZATION_LEVEL = "-Onone";
			};
			name = Debug;
		};
		A6BC3E0627C998BF00D7D600 /* Release */ = {
			isa = XCBuildConfiguration;
			buildSettings = {
				ALWAYS_SEARCH_USER_PATHS = NO;
				CLANG_ANALYZER_NONNULL = YES;
				CLANG_ANALYZER_NUMBER_OBJECT_CONVERSION = YES_AGGRESSIVE;
				CLANG_CXX_LANGUAGE_STANDARD = "gnu++17";
				CLANG_CXX_LIBRARY = "libc++";
				CLANG_ENABLE_MODULES = YES;
				CLANG_ENABLE_OBJC_ARC = YES;
				CLANG_ENABLE_OBJC_WEAK = YES;
				CLANG_WARN_BLOCK_CAPTURE_AUTORELEASING = YES;
				CLANG_WARN_BOOL_CONVERSION = YES;
				CLANG_WARN_COMMA = YES;
				CLANG_WARN_CONSTANT_CONVERSION = YES;
				CLANG_WARN_DEPRECATED_OBJC_IMPLEMENTATIONS = YES;
				CLANG_WARN_DIRECT_OBJC_ISA_USAGE = YES_ERROR;
				CLANG_WARN_DOCUMENTATION_COMMENTS = YES;
				CLANG_WARN_EMPTY_BODY = YES;
				CLANG_WARN_ENUM_CONVERSION = YES;
				CLANG_WARN_INFINITE_RECURSION = YES;
				CLANG_WARN_INT_CONVERSION = YES;
				CLANG_WARN_NON_LITERAL_NULL_CONVERSION = YES;
				CLANG_WARN_OBJC_IMPLICIT_RETAIN_SELF = YES;
				CLANG_WARN_OBJC_LITERAL_CONVERSION = YES;
				CLANG_WARN_OBJC_ROOT_CLASS = YES_ERROR;
				CLANG_WARN_QUOTED_INCLUDE_IN_FRAMEWORK_HEADER = YES;
				CLANG_WARN_RANGE_LOOP_ANALYSIS = YES;
				CLANG_WARN_STRICT_PROTOTYPES = YES;
				CLANG_WARN_SUSPICIOUS_MOVE = YES;
				CLANG_WARN_UNGUARDED_AVAILABILITY = YES_AGGRESSIVE;
				CLANG_WARN_UNREACHABLE_CODE = YES;
				CLANG_WARN__DUPLICATE_METHOD_MATCH = YES;
				COPY_PHASE_STRIP = NO;
				DEBUG_INFORMATION_FORMAT = "dwarf-with-dsym";
				ENABLE_NS_ASSERTIONS = NO;
				ENABLE_STRICT_OBJC_MSGSEND = YES;
				GCC_C_LANGUAGE_STANDARD = gnu11;
				GCC_NO_COMMON_BLOCKS = YES;
				GCC_WARN_64_TO_32_BIT_CONVERSION = YES;
				GCC_WARN_ABOUT_RETURN_TYPE = YES_ERROR;
				GCC_WARN_UNDECLARED_SELECTOR = YES;
				GCC_WARN_UNINITIALIZED_AUTOS = YES_AGGRESSIVE;
				GCC_WARN_UNUSED_FUNCTION = YES;
				GCC_WARN_UNUSED_VARIABLE = YES;
				IPHONEOS_DEPLOYMENT_TARGET = 15.0;
				MTL_ENABLE_DEBUG_INFO = NO;
				MTL_FAST_MATH = YES;
				SDKROOT = iphoneos;
				SWIFT_COMPILATION_MODE = wholemodule;
				SWIFT_OPTIMIZATION_LEVEL = "-O";
				VALIDATE_PRODUCT = YES;
			};
			name = Release;
		};
		A6BC3E0827C998BF00D7D600 /* Debug */ = {
			isa = XCBuildConfiguration;
			buildSettings = {
				ASSETCATALOG_COMPILER_APPICON_NAME = AppIcon;
				ASSETCATALOG_COMPILER_GLOBAL_ACCENT_COLOR_NAME = AccentColor;
				CODE_SIGN_STYLE = Automatic;
				CURRENT_PROJECT_VERSION = 1;
				DEVELOPMENT_ASSET_PATHS = "\"TripMoney/Preview Content\"";
				DEVELOPMENT_TEAM = 88DQM3PTQR;
				ENABLE_PREVIEWS = YES;
				GENERATE_INFOPLIST_FILE = YES;
				INFOPLIST_KEY_UIApplicationSceneManifest_Generation = YES;
				INFOPLIST_KEY_UIApplicationSupportsIndirectInputEvents = YES;
				INFOPLIST_KEY_UILaunchScreen_Generation = YES;
				INFOPLIST_KEY_UISupportedInterfaceOrientations = UIInterfaceOrientationPortrait;
				INFOPLIST_KEY_UISupportedInterfaceOrientations_iPad = "UIInterfaceOrientationPortrait UIInterfaceOrientationPortraitUpsideDown UIInterfaceOrientationLandscapeLeft UIInterfaceOrientationLandscapeRight";
				INFOPLIST_KEY_UISupportedInterfaceOrientations_iPhone = UIInterfaceOrientationPortrait;
				IPHONEOS_DEPLOYMENT_TARGET = 15.0;
				LD_RUNPATH_SEARCH_PATHS = (
					"$(inherited)",
					"@executable_path/Frameworks",
				);
				MARKETING_VERSION = 1.0;
				PRODUCT_BUNDLE_IDENTIFIER = com.github.jaeho0718.TripMoney;
				PRODUCT_NAME = "너는 얼마?";
				SWIFT_EMIT_LOC_STRINGS = YES;
				SWIFT_VERSION = 5.0;
				TARGETED_DEVICE_FAMILY = 1;
			};
			name = Debug;
		};
		A6BC3E0927C998BF00D7D600 /* Release */ = {
			isa = XCBuildConfiguration;
			buildSettings = {
				ASSETCATALOG_COMPILER_APPICON_NAME = AppIcon;
				ASSETCATALOG_COMPILER_GLOBAL_ACCENT_COLOR_NAME = AccentColor;
				CODE_SIGN_STYLE = Automatic;
				CURRENT_PROJECT_VERSION = 1;
				DEVELOPMENT_ASSET_PATHS = "\"TripMoney/Preview Content\"";
				DEVELOPMENT_TEAM = 88DQM3PTQR;
				ENABLE_PREVIEWS = YES;
				GENERATE_INFOPLIST_FILE = YES;
				INFOPLIST_KEY_UIApplicationSceneManifest_Generation = YES;
				INFOPLIST_KEY_UIApplicationSupportsIndirectInputEvents = YES;
				INFOPLIST_KEY_UILaunchScreen_Generation = YES;
				INFOPLIST_KEY_UISupportedInterfaceOrientations = UIInterfaceOrientationPortrait;
				INFOPLIST_KEY_UISupportedInterfaceOrientations_iPad = "UIInterfaceOrientationPortrait UIInterfaceOrientationPortraitUpsideDown UIInterfaceOrientationLandscapeLeft UIInterfaceOrientationLandscapeRight";
				INFOPLIST_KEY_UISupportedInterfaceOrientations_iPhone = UIInterfaceOrientationPortrait;
				IPHONEOS_DEPLOYMENT_TARGET = 15.0;
				LD_RUNPATH_SEARCH_PATHS = (
					"$(inherited)",
					"@executable_path/Frameworks",
				);
				MARKETING_VERSION = 1.0;
				PRODUCT_BUNDLE_IDENTIFIER = com.github.jaeho0718.TripMoney;
				PRODUCT_NAME = "너는 얼마?";
				SWIFT_EMIT_LOC_STRINGS = YES;
				SWIFT_VERSION = 5.0;
				TARGETED_DEVICE_FAMILY = 1;
			};
			name = Release;
		};
/* End XCBuildConfiguration section */

/* Begin XCConfigurationList section */
		A6BC3DF427C998BF00D7D600 /* Build configuration list for PBXProject "TripMoney" */ = {
			isa = XCConfigurationList;
			buildConfigurations = (
				A6BC3E0527C998BF00D7D600 /* Debug */,
				A6BC3E0627C998BF00D7D600 /* Release */,
			);
			defaultConfigurationIsVisible = 0;
			defaultConfigurationName = Release;
		};
		A6BC3E0727C998BF00D7D600 /* Build configuration list for PBXNativeTarget "TripMoney" */ = {
			isa = XCConfigurationList;
			buildConfigurations = (
				A6BC3E0827C998BF00D7D600 /* Debug */,
				A6BC3E0927C998BF00D7D600 /* Release */,
			);
			defaultConfigurationIsVisible = 0;
			defaultConfigurationName = Release;
		};
/* End XCConfigurationList section */
	};
	rootObject = A6BC3DF127C998BF00D7D600 /* Project object */;
}
